
Microsoft Visual Studio Solution File, Format Version 12.00
# Visual Studio Version 17
VisualStudioVersion = 17.7.34018.315
MinimumVisualStudioVersion = 10.0.40219.1
Project("{FAE04EC0-301F-11D3-BF4B-00C04F79EFBC}") = "graZgadywanka", "graZgadywanka\graZgadywanka.csproj", "{B793C567-F8FC-4210-833E-803F8AA0ABEF}"
EndProject
Global
	GlobalSection(SolutionConfigurationPlatforms) = preSolution
		Debug|Any CPU = Debug|Any CPU
		Release|Any CPU = Release|Any CPU
	EndGlobalSection
	GlobalSection(ProjectConfigurationPlatforms) = postSolution
		{B793C567-F8FC-4210-833E-803F8AA0ABEF}.Debug|Any CPU.ActiveCfg = Debug|Any CPU
		{B793C567-F8FC-4210-833E-803F8AA0ABEF}.Debug|Any CPU.Build.0 = Debug|Any CPU
		{B793C567-F8FC-4210-833E-803F8AA0ABEF}.Debug|Any CPU.Deploy.0 = Debug|Any CPU
		{B793C567-F8FC-4210-833E-803F8AA0ABEF}.Release|Any CPU.ActiveCfg = Release|Any CPU
		{B793C567-F8FC-4210-833E-803F8AA0ABEF}.Release|Any CPU.Build.0 = Release|Any CPU
		{B793C567-F8FC-4210-833E-803F8AA0ABEF}.Release|Any CPU.Deploy.0 = Release|Any CPU
	EndGlobalSection
	GlobalSection(SolutionProperties) = preSolution
		HideSolutionNode = FALSE
	EndGlobalSection
	GlobalSection(ExtensibilityGlobals) = postSolution
		SolutionGuid = {F5054FB2-ABFB-4FE3-A9DC-CBA40F24E133}
	EndGlobalSection
EndGlobal
